
Microsoft Visual Studio Solution File, Format Version 12.00
# Visual Studio 2012
Project("{FAE04EC0-301F-11D3-BF4B-00C04F79EFBC}") = "ProtoBuilder", "ProtoBuilder\ProtoBuilder.csproj", "{048AA834-D628-4CD5-8F3B-1D3E4176975C}"
EndProject
Global
	GlobalSection(SolutionConfigurationPlatforms) = preSolution
		Debug|Any CPU = Debug|Any CPU
		Release|Any CPU = Release|Any CPU
	EndGlobalSection
	GlobalSection(ProjectConfigurationPlatforms) = postSolution
		{048AA834-D628-4CD5-8F3B-1D3E4176975C}.Debug|Any CPU.ActiveCfg = Debug|Any CPU
		{048AA834-D628-4CD5-8F3B-1D3E4176975C}.Debug|Any CPU.Build.0 = Debug|Any CPU
		{048AA834-D628-4CD5-8F3B-1D3E4176975C}.Release|Any CPU.ActiveCfg = Release|Any CPU
		{048AA834-D628-4CD5-8F3B-1D3E4176975C}.Release|Any CPU.Build.0 = Release|Any CPU
	EndGlobalSection
	GlobalSection(SolutionProperties) = preSolution
		HideSolutionNode = FALSE
	EndGlobalSection
EndGlobal
